// !$*UTF8*$!
{
	archiveVersion = 1;
	classes = {
	};
	objectVersion = 46;
	objects = {

/* Begin PBXBuildFile section */
		5F4A08911DC188020019A217 /* PopUpViewController.swift in Sources */ = {isa = PBXBuildFile; fileRef = 5F4A08901DC188020019A217 /* PopUpViewController.swift */; };
		5FF98DC21D9B9CC400D00A49 /* AppDelegate.swift in Sources */ = {isa = PBXBuildFile; fileRef = 5FF98DC11D9B9CC400D00A49 /* AppDelegate.swift */; };
		5FF98DC41D9B9CC400D00A49 /* ViewController.swift in Sources */ = {isa = PBXBuildFile; fileRef = 5FF98DC31D9B9CC400D00A49 /* ViewController.swift */; };
		5FF98DC71D9B9CC400D00A49 /* Main.storyboard in Resources */ = {isa = PBXBuildFile; fileRef = 5FF98DC51D9B9CC400D00A49 /* Main.storyboard */; };
		5FF98DC91D9B9CC400D00A49 /* Assets.xcassets in Resources */ = {isa = PBXBuildFile; fileRef = 5FF98DC81D9B9CC400D00A49 /* Assets.xcassets */; };
		5FF98DCC1D9B9CC400D00A49 /* LaunchScreen.storyboard in Resources */ = {isa = PBXBuildFile; fileRef = 5FF98DCA1D9B9CC400D00A49 /* LaunchScreen.storyboard */; };
/* End PBXBuildFile section */

/* Begin PBXFileReference section */
		5F4A08901DC188020019A217 /* PopUpViewController.swift */ = {isa = PBXFileReference; fileEncoding = 4; lastKnownFileType = sourcecode.swift; path = PopUpViewController.swift; sourceTree = "<group>"; };
		5FF98DBE1D9B9CC400D00A49 /* viva.app */ = {isa = PBXFileReference; explicitFileType = wrapper.application; includeInIndex = 0; path = viva.app; sourceTree = BUILT_PRODUCTS_DIR; };
		5FF98DC11D9B9CC400D00A49 /* AppDelegate.swift */ = {isa = PBXFileReference; lastKnownFileType = sourcecode.swift; path = AppDelegate.swift; sourceTree = "<group>"; };
		5FF98DC31D9B9CC400D00A49 /* ViewController.swift */ = {isa = PBXFileReference; lastKnownFileType = sourcecode.swift; path = ViewController.swift; sourceTree = "<group>"; };
		5FF98DC61D9B9CC400D00A49 /* Base */ = {isa = PBXFileReference; lastKnownFileType = file.storyboard; name = Base; path = Base.lproj/Main.storyboard; sourceTree = "<group>"; };
		5FF98DC81D9B9CC400D00A49 /* Assets.xcassets */ = {isa = PBXFileReference; lastKnownFileType = folder.assetcatalog; path = Assets.xcassets; sourceTree = "<group>"; };
		5FF98DCB1D9B9CC400D00A49 /* Base */ = {isa = PBXFileReference; lastKnownFileType = file.storyboard; name = Base; path = Base.lproj/LaunchScreen.storyboard; sourceTree = "<group>"; };
		5FF98DCD1D9B9CC400D00A49 /* Info.plist */ = {isa = PBXFileReference; lastKnownFileType = text.plist.xml; path = Info.plist; sourceTree = "<group>"; };
/* End PBXFileReference section */

/* Begin PBXFrameworksBuildPhase section */
		5FF98DBB1D9B9CC400D00A49 /* Frameworks */ = {
			isa = PBXFrameworksBuildPhase;
			buildActionMask = 2147483647;
			files = (
			);
			runOnlyForDeploymentPostprocessing = 0;
		};
/* End PBXFrameworksBuildPhase section */

/* Begin PBXGroup section */
		5FF98DB51D9B9CC400D00A49 = {
			isa = PBXGroup;
			children = (
				5FF98DC01D9B9CC400D00A49 /* viva */,
				5FF98DBF1D9B9CC400D00A49 /* Products */,
			);
			sourceTree = "<group>";
		};
		5FF98DBF1D9B9CC400D00A49 /* Products */ = {
			isa = PBXGroup;
			children = (
				5FF98DBE1D9B9CC400D00A49 /* viva.app */,
			);
			name = Products;
			sourceTree = "<group>";
		};
		5FF98DC01D9B9CC400D00A49 /* viva */ = {
			isa = PBXGroup;
			children = (
				5FF98DC11D9B9CC400D00A49 /* AppDelegate.swift */,
				5FF98DC31D9B9CC400D00A49 /* ViewController.swift */,
				5FF98DC51D9B9CC400D00A49 /* Main.storyboard */,
				5F4A08901DC188020019A217 /* PopUpViewController.swift */,
				5FF98DC81D9B9CC400D00A49 /* Assets.xcassets */,
				5FF98DCA1D9B9CC400D00A49 /* LaunchScreen.storyboard */,
				5FF98DCD1D9B9CC400D00A49 /* Info.plist */,
			);
			path = viva;
			sourceTree = "<group>";
		};
/* End PBXGroup section */

/* Begin PBXNativeTarget section */
		5FF98DBD1D9B9CC400D00A49 /* viva */ = {
			isa = PBXNativeTarget;
			buildConfigurationList = 5FF98DD01D9B9CC400D00A49 /* Build configuration list for PBXNativeTarget "viva" */;
			buildPhases = (
				5FF98DBA1D9B9CC400D00A49 /* Sources */,
				5FF98DBB1D9B9CC400D00A49 /* Frameworks */,
				5FF98DBC1D9B9CC400D00A49 /* Resources */,
			);
			buildRules = (
			);
			dependencies = (
			);
			name = viva;
			productName = viva;
			productReference = 5FF98DBE1D9B9CC400D00A49 /* viva.app */;
			productType = "com.apple.product-type.application";
		};
/* End PBXNativeTarget section */

/* Begin PBXProject section */
		5FF98DB61D9B9CC400D00A49 /* Project object */ = {
			isa = PBXProject;
			attributes = {
				LastSwiftUpdateCheck = 0800;
				LastUpgradeCheck = 0800;
				ORGANIZATIONNAME = Jinho;
				TargetAttributes = {
					5FF98DBD1D9B9CC400D00A49 = {
						CreatedOnToolsVersion = 8.0;
						ProvisioningStyle = Automatic;
					};
				};
			};
			buildConfigurationList = 5FF98DB91D9B9CC400D00A49 /* Build configuration list for PBXProject "viva" */;
			compatibilityVersion = "Xcode 3.2";
			developmentRegion = English;
			hasScannedForEncodings = 0;
			knownRegions = (
				en,
				Base,
			);
			mainGroup = 5FF98DB51D9B9CC400D00A49;
			productRefGroup = 5FF98DBF1D9B9CC400D00A49 /* Products */;
			projectDirPath = "";
			projectRoot = "";
			targets = (
				5FF98DBD1D9B9CC400D00A49 /* viva */,
			);
		};
/* End PBXProject section */

/* Begin PBXResourcesBuildPhase section */
		5FF98DBC1D9B9CC400D00A49 /* Resources */ = {
			isa = PBXResourcesBuildPhase;
			buildActionMask = 2147483647;
			files = (
				5FF98DCC1D9B9CC400D00A49 /* LaunchScreen.storyboard in Resources */,
				5FF98DC91D9B9CC400D00A49 /* Assets.xcassets in Resources */,
				5FF98DC71D9B9CC400D00A49 /* Main.storyboard in Resources */,
			);
			runOnlyForDeploymentPostprocessing = 0;
		};
/* End PBXResourcesBuildPhase section */

/* Begin PBXSourcesBuildPhase section */
		5FF98DBA1D9B9CC400D00A49 /* Sources */ = {
			isa = PBXSourcesBuildPhase;
			buildActionMask = 2147483647;
			files = (
				5FF98DC41D9B9CC400D00A49 /* ViewController.swift in Sources */,
				5F4A08911DC188020019A217 /* PopUpViewController.swift in Sources */,
				5FF98DC21D9B9CC400D00A49 /* AppDelegate.swift in Sources */,
			);
			runOnlyForDeploymentPostprocessing = 0;
		};
/* End PBXSourcesBuildPhase section */

/* Begin PBXVariantGroup section */
		5FF98DC51D9B9CC400D00A49 /* Main.storyboard */ = {
			isa = PBXVariantGroup;
			children = (
				5FF98DC61D9B9CC400D00A49 /* Base */,
			);
			name = Main.storyboard;
			sourceTree = "<group>";
		};
		5FF98DCA1D9B9CC400D00A49 /* LaunchScreen.storyboard */ = {
			isa = PBXVariantGroup;
			children = (
				5FF98DCB1D9B9CC400D00A49 /* Base */,
			);
			name = LaunchScreen.storyboard;
			sourceTree = "<group>";
		};
/* End PBXVariantGroup section */

/* Begin XCBuildConfiguration section */
		5FF98DCE1D9B9CC400D00A49 /* Debug */ = {
			isa = XCBuildConfiguration;
			buildSettings = {
				ALWAYS_SEARCH_USER_PATHS = NO;
				CLANG_ANALYZER_NONNULL = YES;
				CLANG_CXX_LANGUAGE_STANDARD = "gnu++0x";
				CLANG_CXX_LIBRARY = "libc++";
				CLANG_ENABLE_MODULES = YES;
				CLANG_ENABLE_OBJC_ARC = YES;
				CLANG_WARN_BOOL_CONVERSION = YES;
				CLANG_WARN_CONSTANT_CONVERSION = YES;
				CLANG_WARN_DIRECT_OBJC_ISA_USAGE = YES_ERROR;
				CLANG_WARN_DOCUMENTATION_COMMENTS = YES;
				CLANG_WARN_EMPTY_BODY = YES;
				CLANG_WARN_ENUM_CONVERSION = YES;
				CLANG_WARN_INFINITE_RECURSION = YES;
				CLANG_WARN_INT_CONVERSION = YES;
				CLANG_WARN_OBJC_ROOT_CLASS = YES_ERROR;
				CLANG_WARN_SUSPICIOUS_MOVES = YES;
				CLANG_WARN_UNREACHABLE_CODE = YES;
				CLANG_WARN__DUPLICATE_METHOD_MATCH = YES;
				"CODE_SIGN_IDENTITY[sdk=iphoneos*]" = "iPhone Developer";
				COPY_PHASE_STRIP = NO;
				DEBUG_INFORMATION_FORMAT = dwarf;
				ENABLE_STRICT_OBJC_MSGSEND = YES;
				ENABLE_TESTABILITY = YES;
				GCC_C_LANGUAGE_STANDARD = gnu99;
				GCC_DYNAMIC_NO_PIC = NO;
				GCC_NO_COMMON_BLOCKS = YES;
				GCC_OPTIMIZATION_LEVEL = 0;
				GCC_PREPROCESSOR_DEFINITIONS = (
					"DEBUG=1",
					"$(inherited)",
				);
				GCC_WARN_64_TO_32_BIT_CONVERSION = YES;
				GCC_WARN_ABOUT_RETURN_TYPE = YES_ERROR;
				GCC_WARN_UNDECLARED_SELECTOR = YES;
				GCC_WARN_UNINITIALIZED_AUTOS = YES_AGGRESSIVE;
				GCC_WARN_UNUSED_FUNCTION = YES;
				GCC_WARN_UNUSED_VARIABLE = YES;
				IPHONEOS_DEPLOYMENT_TARGET = 10.0;
				MTL_ENABLE_DEBUG_INFO = YES;
				ONLY_ACTIVE_ARCH = YES;
				SDKROOT = iphoneos;
				SWIFT_ACTIVE_COMPILATION_CONDITIONS = DEBUG;
				SWIFT_OPTIMIZATION_LEVEL = "-Onone";
				TARGETED_DEVICE_FAMILY = "1,2";
			};
			name = Debug;
		};
		5FF98DCF1D9B9CC400D00A49 /* Release */ = {
			isa = XCBuildConfiguration;
			buildSettings = {
				ALWAYS_SEARCH_USER_PATHS = NO;
				CLANG_ANALYZER_NONNULL = YES;
				CLANG_CXX_LANGUAGE_STANDARD = "gnu++0x";
				CLANG_CXX_LIBRARY = "libc++";
				CLANG_ENABLE_MODULES = YES;
				CLANG_ENABLE_OBJC_ARC = YES;
				CLANG_WARN_BOOL_CONVERSION = YES;
				CLANG_WARN_CONSTANT_CONVERSION = YES;
				CLANG_WARN_DIRECT_OBJC_ISA_USAGE = YES_ERROR;
				CLANG_WARN_DOCUMENTATION_COMMENTS = YES;
				CLANG_WARN_EMPTY_BODY = YES;
				CLANG_WARN_ENUM_CONVERSION = YES;
				CLANG_WARN_INFINITE_RECURSION = YES;
				CLANG_WARN_INT_CONVERSION = YES;
				CLANG_WARN_OBJC_ROOT_CLASS = YES_ERROR;
				CLANG_WARN_SUSPICIOUS_MOVES = YES;
				CLANG_WARN_UNREACHABLE_CODE = YES;
				CLANG_WARN__DUPLICATE_METHOD_MATCH = YES;
				"CODE_SIGN_IDENTITY[sdk=iphoneos*]" = "iPhone Developer";
				COPY_PHASE_STRIP = NO;
				DEBUG_INFORMATION_FORMAT = "dwarf-with-dsym";
				ENABLE_NS_ASSERTIONS = NO;
				ENABLE_STRICT_OBJC_MSGSEND = YES;
				GCC_C_LANGUAGE_STANDARD = gnu99;
				GCC_NO_COMMON_BLOCKS = YES;
				GCC_WARN_64_TO_32_BIT_CONVERSION = YES;
				GCC_WARN_ABOUT_RETURN_TYPE = YES_ERROR;
				GCC_WARN_UNDECLARED_SELECTOR = YES;
				GCC_WARN_UNINITIALIZED_AUTOS = YES_AGGRESSIVE;
				GCC_WARN_UNUSED_FUNCTION = YES;
				GCC_WARN_UNUSED_VARIABLE = YES;
				IPHONEOS_DEPLOYMENT_TARGET = 10.0;
				MTL_ENABLE_DEBUG_INFO = NO;
				SDKROOT = iphoneos;
				SWIFT_OPTIMIZATION_LEVEL = "-Owholemodule";
				TARGETED_DEVICE_FAMILY = "1,2";
				VALIDATE_PRODUCT = YES;
			};
			name = Release;
		};
		5FF98DD11D9B9CC400D00A49 /* Debug */ = {
			isa = XCBuildConfiguration;
			buildSettings = {
				ASSETCATALOG_COMPILER_APPICON_NAME = AppIcon;
				INFOPLIST_FILE = viva/Info.plist;
				LD_RUNPATH_SEARCH_PATHS = "$(inherited) @executable_path/Frameworks";
				PRODUCT_BUNDLE_IDENTIFIER = edu.academyofart.viva;
				PRODUCT_NAME = "$(TARGET_NAME)";
				SWIFT_VERSION = 3.0;
			};
			name = Debug;
		};
		5FF98DD21D9B9CC400D00A49 /* Release */ = {
			isa = XCBuildConfiguration;
			buildSettings = {
				ASSETCATALOG_COMPILER_APPICON_NAME = AppIcon;
				INFOPLIST_FILE = viva/Info.plist;
				LD_RUNPATH_SEARCH_PATHS = "$(inherited) @executable_path/Frameworks";
				PRODUCT_BUNDLE_IDENTIFIER = edu.academyofart.viva;
				PRODUCT_NAME = "$(TARGET_NAME)";
				SWIFT_VERSION = 3.0;
			};
			name = Release;
		};
/* End XCBuildConfiguration section */

/* Begin XCConfigurationList section */
		5FF98DB91D9B9CC400D00A49 /* Build configuration list for PBXProject "viva" */ = {
			isa = XCConfigurationList;
			buildConfigurations = (
				5FF98DCE1D9B9CC400D00A49 /* Debug */,
				5FF98DCF1D9B9CC400D00A49 /* Release */,
			);
			defaultConfigurationIsVisible = 0;
			defaultConfigurationName = Release;
		};
		5FF98DD01D9B9CC400D00A49 /* Build configuration list for PBXNativeTarget "viva" */ = {
			isa = XCConfigurationList;
			buildConfigurations = (
				5FF98DD11D9B9CC400D00A49 /* Debug */,
				5FF98DD21D9B9CC400D00A49 /* Release */,
			);
			defaultConfigurationIsVisible = 0;
			defaultConfigurationName = Release;
		};
/* End XCConfigurationList section */
	};
	rootObject = 5FF98DB61D9B9CC400D00A49 /* Project object */;
}
